
Microsoft Visual Studio Solution File, Format Version 12.00
# Visual Studio Version 17
VisualStudioVersion = 17.0.32126.317
MinimumVisualStudioVersion = 10.0.40219.1
Project("{FAE04EC0-301F-11D3-BF4B-00C04F79EFBC}") = "N_puzzle_cs", "N_puzzle_cs.csproj", "{8EF99596-224C-4552-9681-FCECFDCBCD37}"
EndProject
Global
	GlobalSection(SolutionConfigurationPlatforms) = preSolution
		Debug|Any CPU = Debug|Any CPU
		Release|Any CPU = Release|Any CPU
	EndGlobalSection
	GlobalSection(ProjectConfigurationPlatforms) = postSolution
		{8EF99596-224C-4552-9681-FCECFDCBCD37}.Debug|Any CPU.ActiveCfg = Debug|Any CPU
		{8EF99596-224C-4552-9681-FCECFDCBCD37}.Debug|Any CPU.Build.0 = Debug|Any CPU
		{8EF99596-224C-4552-9681-FCECFDCBCD37}.Release|Any CPU.ActiveCfg = Release|Any CPU
		{8EF99596-224C-4552-9681-FCECFDCBCD37}.Release|Any CPU.Build.0 = Release|Any CPU
	EndGlobalSection
	GlobalSection(SolutionProperties) = preSolution
		HideSolutionNode = FALSE
	EndGlobalSection
	GlobalSection(ExtensibilityGlobals) = postSolution
		SolutionGuid = {B2E42CC3-1BBC-45E6-8BD3-227EC3DE9464}
	EndGlobalSection
EndGlobal
